Microsoft Visual Studio Solution File, Format Version 12.00
# Visual Studio Version 17
VisualStudioVersion = 17.5.2.0
MinimumVisualStudioVersion = 10.0.40219.1
Project("{FAE04EC0-301F-11D3-BF4B-00C04F79EFBC}") = "MedicalChartApp", "MedicalChartApp.csproj", "{1F494260-C507-0080-E8AB-630DFF742D83}"
EndProject
Global
	GlobalSection(SolutionConfigurationPlatforms) = preSolution
		Debug|Any CPU = Debug|Any CPU
		Release|Any CPU = Release|Any CPU
	EndGlobalSection
	GlobalSection(ProjectConfigurationPlatforms) = postSolution
		{1F494260-C507-0080-E8AB-630DFF742D83}.Debug|Any CPU.ActiveCfg = Debug|Any CPU
		{1F494260-C507-0080-E8AB-630DFF742D83}.Debug|Any CPU.Build.0 = Debug|Any CPU
		{1F494260-C507-0080-E8AB-630DFF742D83}.Release|Any CPU.ActiveCfg = Release|Any CPU
		{1F494260-C507-0080-E8AB-630DFF742D83}.Release|Any CPU.Build.0 = Release|Any CPU
	EndGlobalSection
	GlobalSection(SolutionProperties) = preSolution
		HideSolutionNode = FALSE
	EndGlobalSection
	GlobalSection(ExtensibilityGlobals) = postSolution
		SolutionGuid = {0A5E7BA1-40B1-4D7F-8F97-1B068CDAC3CC}
	EndGlobalSection
EndGlobal
